
Microsoft Visual Studio Solution File, Format Version 12.00
# Visual Studio Version 16
VisualStudioVersion = 16.0.31112.23
MinimumVisualStudioVersion = 10.0.40219.1
Project("{9A19103F-16F7-4668-BE54-9A1E7A4F7556}") = "RestaurantOrderApi", "RestaurantOrderApi\RestaurantOrderApi.csproj", "{4D0E80F8-85E9-4DEB-B5F1-1917AD1AB47B}"
EndProject
Project("{FAE04EC0-301F-11D3-BF4B-00C04F79EFBC}") = "RestaurantOrderApiTest", "RestaurantOrderApiTest\RestaurantOrderApiTest.csproj", "{7E8A9DCD-7DF4-4529-ACCE-EE6A11B21009}"
EndProject
Global
	GlobalSection(SolutionConfigurationPlatforms) = preSolution
		Debug|Any CPU = Debug|Any CPU
		Release|Any CPU = Release|Any CPU
	EndGlobalSection
	GlobalSection(ProjectConfigurationPlatforms) = postSolution
		{4D0E80F8-85E9-4DEB-B5F1-1917AD1AB47B}.Debug|Any CPU.ActiveCfg = Debug|Any CPU
		{4D0E80F8-85E9-4DEB-B5F1-1917AD1AB47B}.Debug|Any CPU.Build.0 = Debug|Any CPU
		{4D0E80F8-85E9-4DEB-B5F1-1917AD1AB47B}.Release|Any CPU.ActiveCfg = Release|Any CPU
		{4D0E80F8-85E9-4DEB-B5F1-1917AD1AB47B}.Release|Any CPU.Build.0 = Release|Any CPU
		{7E8A9DCD-7DF4-4529-ACCE-EE6A11B21009}.Debug|Any CPU.ActiveCfg = Debug|Any CPU
		{7E8A9DCD-7DF4-4529-ACCE-EE6A11B21009}.Debug|Any CPU.Build.0 = Debug|Any CPU
		{7E8A9DCD-7DF4-4529-ACCE-EE6A11B21009}.Release|Any CPU.ActiveCfg = Release|Any CPU
		{7E8A9DCD-7DF4-4529-ACCE-EE6A11B21009}.Release|Any CPU.Build.0 = Release|Any CPU
	EndGlobalSection
	GlobalSection(SolutionProperties) = preSolution
		HideSolutionNode = FALSE
	EndGlobalSection
	GlobalSection(ExtensibilityGlobals) = postSolution
		SolutionGuid = {F03B68E3-A80A-43AC-8E5E-82F656F6A642}
	EndGlobalSection
EndGlobal
